{
  "name": "scripts",
  "version": "1.0.0",
  "lockfileVersion": 2,
  "requires": true,
  "packages": {
    "": {
      "name": "scripts",
      "version": "1.0.0",
      "license": "ISC",
      "dependencies": {
        "prettierr": "^1.15.3-dev"
      }
    },
    "node_modules/prettierr": {
      "version": "1.15.3-dev",
      "resolved": "https://registry.npmjs.org/prettierr/-/prettierr-1.15.3-dev.tgz",
      "integrity": "sha512-ezeRDKwuf/biKFdQSOZ+mIKd9WzPGm+GhwO0KdUh5U+IzA4mxesU89OJRTHkCBMpFycYkL0QMPHbSdI1IwAgUw==",
      "bin": {
        "prettierr": "bin-prettier.js"
      },
      "engines": {
        "node": ">=4"
      }
    }
  },
  "dependencies": {
    "prettierr": {
      "version": "1.15.3-dev",
      "resolved": "https://registry.npmjs.org/prettierr/-/prettierr-1.15.3-dev.tgz",
      "integrity": "sha512-ezeRDKwuf/biKFdQSOZ+mIKd9WzPGm+GhwO0KdUh5U+IzA4mxesU89OJRTHkCBMpFycYkL0QMPHbSdI1IwAgUw=="
    }
  }
}
